
Microsoft Visual Studio Solution File, Format Version 12.00
# Visual Studio Version 17
VisualStudioVersion = 17.8.34525.116
MinimumVisualStudioVersion = 10.0.40219.1
Project("{FAE04EC0-301F-11D3-BF4B-00C04F79EFBC}") = "AdoNetDemo", "AdoNetDemo\AdoNetDemo.csproj", "{C1733601-C858-4600-B6B4-88FB1EC53900}"
EndProject
Project("{FAE04EC0-301F-11D3-BF4B-00C04F79EFBC}") = "EntityFrameworkDemo", "EntityFrameworkDemo\EntityFrameworkDemo.csproj", "{0447CE50-C31A-410E-8958-72286152CC43}"
EndProject
Project("{FAE04EC0-301F-11D3-BF4B-00C04F79EFBC}") = "Generics", "Generics\Generics.csproj", "{77432715-6E75-499E-8AD6-3E07B2D69578}"
EndProject
Global
	GlobalSection(SolutionConfigurationPlatforms) = preSolution
		Debug|Any CPU = Debug|Any CPU
		Release|Any CPU = Release|Any CPU
	EndGlobalSection
	GlobalSection(ProjectConfigurationPlatforms) = postSolution
		{C1733601-C858-4600-B6B4-88FB1EC53900}.Debug|Any CPU.ActiveCfg = Debug|Any CPU
		{C1733601-C858-4600-B6B4-88FB1EC53900}.Debug|Any CPU.Build.0 = Debug|Any CPU
		{C1733601-C858-4600-B6B4-88FB1EC53900}.Release|Any CPU.ActiveCfg = Release|Any CPU
		{C1733601-C858-4600-B6B4-88FB1EC53900}.Release|Any CPU.Build.0 = Release|Any CPU
		{0447CE50-C31A-410E-8958-72286152CC43}.Debug|Any CPU.ActiveCfg = Debug|Any CPU
		{0447CE50-C31A-410E-8958-72286152CC43}.Debug|Any CPU.Build.0 = Debug|Any CPU
		{0447CE50-C31A-410E-8958-72286152CC43}.Release|Any CPU.ActiveCfg = Release|Any CPU
		{0447CE50-C31A-410E-8958-72286152CC43}.Release|Any CPU.Build.0 = Release|Any CPU
		{77432715-6E75-499E-8AD6-3E07B2D69578}.Debug|Any CPU.ActiveCfg = Debug|Any CPU
		{77432715-6E75-499E-8AD6-3E07B2D69578}.Debug|Any CPU.Build.0 = Debug|Any CPU
		{77432715-6E75-499E-8AD6-3E07B2D69578}.Release|Any CPU.ActiveCfg = Release|Any CPU
		{77432715-6E75-499E-8AD6-3E07B2D69578}.Release|Any CPU.Build.0 = Release|Any CPU
	EndGlobalSection
	GlobalSection(SolutionProperties) = preSolution
		HideSolutionNode = FALSE
	EndGlobalSection
	GlobalSection(ExtensibilityGlobals) = postSolution
		SolutionGuid = {68AFAF23-952F-4AF5-9112-05FFEADA20DF}
	EndGlobalSection
EndGlobal
